
Microsoft Visual Studio Solution File, Format Version 12.00
# Visual Studio Version 17
VisualStudioVersion = 17.6.33712.159
MinimumVisualStudioVersion = 10.0.40219.1
Project("{FAE04EC0-301F-11D3-BF4B-00C04F79EFBC}") = "QA Onboarding Task User Story 2", "QA Onboarding Task User Story 2\QA Onboarding Task User Story 2.csproj", "{C4743D01-F790-4FE9-9230-9C29EBA5F9D8}"
EndProject
Global
	GlobalSection(SolutionConfigurationPlatforms) = preSolution
		Debug|Any CPU = Debug|Any CPU
		Release|Any CPU = Release|Any CPU
	EndGlobalSection
	GlobalSection(ProjectConfigurationPlatforms) = postSolution
		{C4743D01-F790-4FE9-9230-9C29EBA5F9D8}.Debug|Any CPU.ActiveCfg = Debug|Any CPU
		{C4743D01-F790-4FE9-9230-9C29EBA5F9D8}.Debug|Any CPU.Build.0 = Debug|Any CPU
		{C4743D01-F790-4FE9-9230-9C29EBA5F9D8}.Release|Any CPU.ActiveCfg = Release|Any CPU
		{C4743D01-F790-4FE9-9230-9C29EBA5F9D8}.Release|Any CPU.Build.0 = Release|Any CPU
	EndGlobalSection
	GlobalSection(SolutionProperties) = preSolution
		HideSolutionNode = FALSE
	EndGlobalSection
	GlobalSection(ExtensibilityGlobals) = postSolution
		SolutionGuid = {C5AA096E-D7A5-49A6-9104-E81C9B99BED7}
	EndGlobalSection
EndGlobal
